
Microsoft Visual Studio Solution File, Format Version 12.00
# Visual Studio 15
VisualStudioVersion = 15.0.27130.2027
MinimumVisualStudioVersion = 10.0.40219.1
Project("{E24C65DC-7377-472B-9ABA-BC803B73C61A}") = "WebFileUplaod", "WebFileUplaod\", "{10C90C28-581B-46BC-A118-6F49A4FD4125}"
	ProjectSection(WebsiteProperties) = preProject
		TargetFrameworkMoniker = ".NETFramework,Version%3Dv4.6.1"
		Debug.AspNetCompiler.VirtualPath = "/localhost_16920"
		Debug.AspNetCompiler.PhysicalPath = "WebFileUplaod\"
		Debug.AspNetCompiler.TargetPath = "PrecompiledWeb\localhost_16920\"
		Debug.AspNetCompiler.Updateable = "true"
		Debug.AspNetCompiler.ForceOverwrite = "true"
		Debug.AspNetCompiler.FixedNames = "false"
		Debug.AspNetCompiler.Debug = "True"
		Release.AspNetCompiler.VirtualPath = "/localhost_16920"
		Release.AspNetCompiler.PhysicalPath = "WebFileUplaod\"
		Release.AspNetCompiler.TargetPath = "PrecompiledWeb\localhost_16920\"
		Release.AspNetCompiler.Updateable = "true"
		Release.AspNetCompiler.ForceOverwrite = "true"
		Release.AspNetCompiler.FixedNames = "false"
		Release.AspNetCompiler.Debug = "False"
		VWDPort = "16920"
		SlnRelativePath = "WebFileUplaod\"
		DefaultWebSiteLanguage = "Visual C#"
	EndProjectSection
EndProject
Global
	GlobalSection(SolutionConfigurationPlatforms) = preSolution
		Debug|Any CPU = Debug|Any CPU
	EndGlobalSection
	GlobalSection(ProjectConfigurationPlatforms) = postSolution
		{10C90C28-581B-46BC-A118-6F49A4FD4125}.Debug|Any CPU.ActiveCfg = Debug|Any CPU
		{10C90C28-581B-46BC-A118-6F49A4FD4125}.Debug|Any CPU.Build.0 = Debug|Any CPU
	EndGlobalSection
	GlobalSection(SolutionProperties) = preSolution
		HideSolutionNode = FALSE
	EndGlobalSection
	GlobalSection(ExtensibilityGlobals) = postSolution
		SolutionGuid = {1AB0DF24-D8F8-46B5-BE09-EFD661538EA4}
	EndGlobalSection
EndGlobal
